
Microsoft Visual Studio Solution File, Format Version 12.00
# Visual Studio Version 16
VisualStudioVersion = 16.0.28922.388
MinimumVisualStudioVersion = 10.0.40219.1
Project("{9A19103F-16F7-4668-BE54-9A1E7A4F7556}") = "MeuPrimeiroTeste", "MeuPrimeiroTeste\MeuPrimeiroTeste.csproj", "{FF91BF4F-1566-4DAE-B3C6-59BEFB1D324C}"
EndProject
Global
	GlobalSection(SolutionConfigurationPlatforms) = preSolution
		Debug|Any CPU = Debug|Any CPU
		Release|Any CPU = Release|Any CPU
	EndGlobalSection
	GlobalSection(ProjectConfigurationPlatforms) = postSolution
		{FF91BF4F-1566-4DAE-B3C6-59BEFB1D324C}.Debug|Any CPU.ActiveCfg = Debug|Any CPU
		{FF91BF4F-1566-4DAE-B3C6-59BEFB1D324C}.Debug|Any CPU.Build.0 = Debug|Any CPU
		{FF91BF4F-1566-4DAE-B3C6-59BEFB1D324C}.Release|Any CPU.ActiveCfg = Release|Any CPU
		{FF91BF4F-1566-4DAE-B3C6-59BEFB1D324C}.Release|Any CPU.Build.0 = Release|Any CPU
	EndGlobalSection
	GlobalSection(SolutionProperties) = preSolution
		HideSolutionNode = FALSE
	EndGlobalSection
	GlobalSection(ExtensibilityGlobals) = postSolution
		SolutionGuid = {061BFA2B-A9A1-4D55-8E68-EB0303EE4E97}
	EndGlobalSection
EndGlobal
